
Microsoft Visual Studio Solution File, Format Version 12.00
# Visual Studio Version 17
VisualStudioVersion = 17.5.002.0
MinimumVisualStudioVersion = 10.0.40219.1
Project("{9A19103F-16F7-4668-BE54-9A1E7A4F7556}") = "EventPlanningAPI", "EventPlanningAPI.csproj", "{250BC0D1-DEFC-49D2-AB12-AB5EC2D397D9}"
EndProject
Global
	GlobalSection(SolutionConfigurationPlatforms) = preSolution
		Debug|Any CPU = Debug|Any CPU
		Release|Any CPU = Release|Any CPU
	EndGlobalSection
	GlobalSection(ProjectConfigurationPlatforms) = postSolution
		{250BC0D1-DEFC-49D2-AB12-AB5EC2D397D9}.Debug|Any CPU.ActiveCfg = Debug|Any CPU
		{250BC0D1-DEFC-49D2-AB12-AB5EC2D397D9}.Debug|Any CPU.Build.0 = Debug|Any CPU
		{250BC0D1-DEFC-49D2-AB12-AB5EC2D397D9}.Release|Any CPU.ActiveCfg = Release|Any CPU
		{250BC0D1-DEFC-49D2-AB12-AB5EC2D397D9}.Release|Any CPU.Build.0 = Release|Any CPU
	EndGlobalSection
	GlobalSection(SolutionProperties) = preSolution
		HideSolutionNode = FALSE
	EndGlobalSection
	GlobalSection(ExtensibilityGlobals) = postSolution
		SolutionGuid = {8B2A1E61-AC66-4B28-839E-ABE35EF68061}
	EndGlobalSection
EndGlobal
